
Microsoft Visual Studio Solution File, Format Version 12.00
# Visual Studio Version 17
VisualStudioVersion = 17.8.34330.188
MinimumVisualStudioVersion = 10.0.40219.1
Project("{9A19103F-16F7-4668-BE54-9A1E7A4F7556}") = "Interfaces", "..\Interfaces\Interfaces.csproj", "{95BD3B9C-0A9E-4BA2-922A-E69F5A073A7D}"
EndProject
Project("{9A19103F-16F7-4668-BE54-9A1E7A4F7556}") = "Models", "..\Models\Models.csproj", "{D82360B3-C04B-40CB-BABE-2BF6A2F2321E}"
EndProject
Project("{9A19103F-16F7-4668-BE54-9A1E7A4F7556}") = "PresentationLayer", "..\UI\PresentationLayer.csproj", "{01FC3EC6-007D-4F41-8734-12EF9BF4E6EA}"
EndProject
Project("{9A19103F-16F7-4668-BE54-9A1E7A4F7556}") = "ConsoleApp", "..\ConsoleApp\ConsoleApp.csproj", "{8C703158-5111-45A5-AE34-931805D83364}"
EndProject
Project("{9A19103F-16F7-4668-BE54-9A1E7A4F7556}") = "Data", "..\Data\Data.csproj", "{CA922EA7-A4EF-4926-BD6B-9041ACC3BEA2}"
EndProject
Project("{9A19103F-16F7-4668-BE54-9A1E7A4F7556}") = "DataAccessLayer", "..\DataAccessLayer\DataAccessLayer.csproj", "{DD0CA993-79F8-4708-8E53-EF8CEEA14170}"
EndProject
Project("{9A19103F-16F7-4668-BE54-9A1E7A4F7556}") = "BusinessLogicLayer", "..\BusinessLogicLayer\BusinessLogicLayer.csproj", "{0DEA0D2B-62DD-433A-9A32-11E2C5954F5F}"
EndProject
Global
	GlobalSection(SolutionConfigurationPlatforms) = preSolution
		Debug|Any CPU = Debug|Any CPU
		Release|Any CPU = Release|Any CPU
	EndGlobalSection
	GlobalSection(ProjectConfigurationPlatforms) = postSolution
		{95BD3B9C-0A9E-4BA2-922A-E69F5A073A7D}.Debug|Any CPU.ActiveCfg = Debug|Any CPU
		{95BD3B9C-0A9E-4BA2-922A-E69F5A073A7D}.Debug|Any CPU.Build.0 = Debug|Any CPU
		{95BD3B9C-0A9E-4BA2-922A-E69F5A073A7D}.Release|Any CPU.ActiveCfg = Release|Any CPU
		{95BD3B9C-0A9E-4BA2-922A-E69F5A073A7D}.Release|Any CPU.Build.0 = Release|Any CPU
		{D82360B3-C04B-40CB-BABE-2BF6A2F2321E}.Debug|Any CPU.ActiveCfg = Debug|Any CPU
		{D82360B3-C04B-40CB-BABE-2BF6A2F2321E}.Debug|Any CPU.Build.0 = Debug|Any CPU
		{D82360B3-C04B-40CB-BABE-2BF6A2F2321E}.Release|Any CPU.ActiveCfg = Release|Any CPU
		{D82360B3-C04B-40CB-BABE-2BF6A2F2321E}.Release|Any CPU.Build.0 = Release|Any CPU
		{01FC3EC6-007D-4F41-8734-12EF9BF4E6EA}.Debug|Any CPU.ActiveCfg = Debug|Any CPU
		{01FC3EC6-007D-4F41-8734-12EF9BF4E6EA}.Debug|Any CPU.Build.0 = Debug|Any CPU
		{01FC3EC6-007D-4F41-8734-12EF9BF4E6EA}.Release|Any CPU.ActiveCfg = Release|Any CPU
		{01FC3EC6-007D-4F41-8734-12EF9BF4E6EA}.Release|Any CPU.Build.0 = Release|Any CPU
		{8C703158-5111-45A5-AE34-931805D83364}.Debug|Any CPU.ActiveCfg = Debug|Any CPU
		{8C703158-5111-45A5-AE34-931805D83364}.Debug|Any CPU.Build.0 = Debug|Any CPU
		{8C703158-5111-45A5-AE34-931805D83364}.Release|Any CPU.ActiveCfg = Release|Any CPU
		{8C703158-5111-45A5-AE34-931805D83364}.Release|Any CPU.Build.0 = Release|Any CPU
		{CA922EA7-A4EF-4926-BD6B-9041ACC3BEA2}.Debug|Any CPU.ActiveCfg = Debug|Any CPU
		{CA922EA7-A4EF-4926-BD6B-9041ACC3BEA2}.Debug|Any CPU.Build.0 = Debug|Any CPU
		{CA922EA7-A4EF-4926-BD6B-9041ACC3BEA2}.Release|Any CPU.ActiveCfg = Release|Any CPU
		{CA922EA7-A4EF-4926-BD6B-9041ACC3BEA2}.Release|Any CPU.Build.0 = Release|Any CPU
		{DD0CA993-79F8-4708-8E53-EF8CEEA14170}.Debug|Any CPU.ActiveCfg = Debug|Any CPU
		{DD0CA993-79F8-4708-8E53-EF8CEEA14170}.Debug|Any CPU.Build.0 = Debug|Any CPU
		{DD0CA993-79F8-4708-8E53-EF8CEEA14170}.Release|Any CPU.ActiveCfg = Release|Any CPU
		{DD0CA993-79F8-4708-8E53-EF8CEEA14170}.Release|Any CPU.Build.0 = Release|Any CPU
		{0DEA0D2B-62DD-433A-9A32-11E2C5954F5F}.Debug|Any CPU.ActiveCfg = Debug|Any CPU
		{0DEA0D2B-62DD-433A-9A32-11E2C5954F5F}.Debug|Any CPU.Build.0 = Debug|Any CPU
		{0DEA0D2B-62DD-433A-9A32-11E2C5954F5F}.Release|Any CPU.ActiveCfg = Release|Any CPU
		{0DEA0D2B-62DD-433A-9A32-11E2C5954F5F}.Release|Any CPU.Build.0 = Release|Any CPU
	EndGlobalSection
	GlobalSection(SolutionProperties) = preSolution
		HideSolutionNode = FALSE
	EndGlobalSection
	GlobalSection(ExtensibilityGlobals) = postSolution
		SolutionGuid = {B114912F-FACE-473E-A1DC-042BD8D4D031}
	EndGlobalSection
EndGlobal
